
Microsoft Visual Studio Solution File, Format Version 12.00
# Visual Studio Version 16
VisualStudioVersion = 16.0.30711.63
MinimumVisualStudioVersion = 10.0.40219.1
Project("{FAE04EC0-301F-11D3-BF4B-00C04F79EFBC}") = "P4_MathematicalExampleProblem", "P4_MathematicalExampleProblem\P4_MathematicalExampleProblem.csproj", "{6B9E5750-29AE-45D7-A2B3-2855729ADF47}"
EndProject
Global
	GlobalSection(SolutionConfigurationPlatforms) = preSolution
		Debug|Any CPU = Debug|Any CPU
		Release|Any CPU = Release|Any CPU
	EndGlobalSection
	GlobalSection(ProjectConfigurationPlatforms) = postSolution
		{6B9E5750-29AE-45D7-A2B3-2855729ADF47}.Debug|Any CPU.ActiveCfg = Debug|Any CPU
		{6B9E5750-29AE-45D7-A2B3-2855729ADF47}.Debug|Any CPU.Build.0 = Debug|Any CPU
		{6B9E5750-29AE-45D7-A2B3-2855729ADF47}.Release|Any CPU.ActiveCfg = Release|Any CPU
		{6B9E5750-29AE-45D7-A2B3-2855729ADF47}.Release|Any CPU.Build.0 = Release|Any CPU
	EndGlobalSection
	GlobalSection(SolutionProperties) = preSolution
		HideSolutionNode = FALSE
	EndGlobalSection
	GlobalSection(ExtensibilityGlobals) = postSolution
		SolutionGuid = {BBC3B650-7224-4471-A39C-CAF773AA16D3}
	EndGlobalSection
EndGlobal
