
Microsoft Visual Studio Solution File, Format Version 12.00
# Visual Studio Version 16
VisualStudioVersion = 16.0.30711.63
MinimumVisualStudioVersion = 10.0.40219.1
Project("{FAE04EC0-301F-11D3-BF4B-00C04F79EFBC}") = "QZ2", "QZ2\QZ2.csproj", "{189750BE-9B25-424B-9144-65596CA73DA4}"
EndProject
Global
	GlobalSection(SolutionConfigurationPlatforms) = preSolution
		Debug|Any CPU = Debug|Any CPU
		Release|Any CPU = Release|Any CPU
	EndGlobalSection
	GlobalSection(ProjectConfigurationPlatforms) = postSolution
		{189750BE-9B25-424B-9144-65596CA73DA4}.Debug|Any CPU.ActiveCfg = Debug|Any CPU
		{189750BE-9B25-424B-9144-65596CA73DA4}.Debug|Any CPU.Build.0 = Debug|Any CPU
		{189750BE-9B25-424B-9144-65596CA73DA4}.Release|Any CPU.ActiveCfg = Release|Any CPU
		{189750BE-9B25-424B-9144-65596CA73DA4}.Release|Any CPU.Build.0 = Release|Any CPU
	EndGlobalSection
	GlobalSection(SolutionProperties) = preSolution
		HideSolutionNode = FALSE
	EndGlobalSection
	GlobalSection(ExtensibilityGlobals) = postSolution
		SolutionGuid = {0835052D-56FE-4EB7-A0B5-34D6F83F5D69}
	EndGlobalSection
EndGlobal
