
Microsoft Visual Studio Solution File, Format Version 12.00
# Visual Studio Version 16
VisualStudioVersion = 16.0.31410.357
MinimumVisualStudioVersion = 10.0.40219.1
Project("{FAE04EC0-301F-11D3-BF4B-00C04F79EFBC}") = "P6_SchwefelFunction", "P6_SchwefelFunction\P6_SchwefelFunction.csproj", "{7C8C77AF-49E1-46FB-AC0C-8868C9A0FD80}"
EndProject
Global
	GlobalSection(SolutionConfigurationPlatforms) = preSolution
		Debug|Any CPU = Debug|Any CPU
		Release|Any CPU = Release|Any CPU
	EndGlobalSection
	GlobalSection(ProjectConfigurationPlatforms) = postSolution
		{7C8C77AF-49E1-46FB-AC0C-8868C9A0FD80}.Debug|Any CPU.ActiveCfg = Debug|Any CPU
		{7C8C77AF-49E1-46FB-AC0C-8868C9A0FD80}.Debug|Any CPU.Build.0 = Debug|Any CPU
		{7C8C77AF-49E1-46FB-AC0C-8868C9A0FD80}.Release|Any CPU.ActiveCfg = Release|Any CPU
		{7C8C77AF-49E1-46FB-AC0C-8868C9A0FD80}.Release|Any CPU.Build.0 = Release|Any CPU
	EndGlobalSection
	GlobalSection(SolutionProperties) = preSolution
		HideSolutionNode = FALSE
	EndGlobalSection
	GlobalSection(ExtensibilityGlobals) = postSolution
		SolutionGuid = {F5E9CD57-E3FD-4C43-BE3E-D8C56A4618B1}
	EndGlobalSection
EndGlobal
