
Microsoft Visual Studio Solution File, Format Version 12.00
# Visual Studio Version 16
VisualStudioVersion = 16.0.30711.63
MinimumVisualStudioVersion = 10.0.40219.1
Project("{FAE04EC0-301F-11D3-BF4B-00C04F79EFBC}") = "QZ3", "QZ3\QZ3.csproj", "{16260379-489B-4C5D-9929-41A716077E16}"
EndProject
Global
	GlobalSection(SolutionConfigurationPlatforms) = preSolution
		Debug|Any CPU = Debug|Any CPU
		Release|Any CPU = Release|Any CPU
	EndGlobalSection
	GlobalSection(ProjectConfigurationPlatforms) = postSolution
		{16260379-489B-4C5D-9929-41A716077E16}.Debug|Any CPU.ActiveCfg = Debug|Any CPU
		{16260379-489B-4C5D-9929-41A716077E16}.Debug|Any CPU.Build.0 = Debug|Any CPU
		{16260379-489B-4C5D-9929-41A716077E16}.Release|Any CPU.ActiveCfg = Release|Any CPU
		{16260379-489B-4C5D-9929-41A716077E16}.Release|Any CPU.Build.0 = Release|Any CPU
	EndGlobalSection
	GlobalSection(SolutionProperties) = preSolution
		HideSolutionNode = FALSE
	EndGlobalSection
	GlobalSection(ExtensibilityGlobals) = postSolution
		SolutionGuid = {ACF759A2-7891-4FA3-AEE0-45308F2A5736}
	EndGlobalSection
EndGlobal
