
Microsoft Visual Studio Solution File, Format Version 12.00
# Visual Studio Version 16
VisualStudioVersion = 16.0.30711.63
MinimumVisualStudioVersion = 10.0.40219.1
Project("{FAE04EC0-301F-11D3-BF4B-00C04F79EFBC}") = "P5_CantileveredBeamExampleProblem", "P5_CantileveredBeamExampleProblem\P5_CantileveredBeamExampleProblem.csproj", "{D1C2DD82-E22A-429A-825F-2AEEFF5668B2}"
EndProject
Global
	GlobalSection(SolutionConfigurationPlatforms) = preSolution
		Debug|Any CPU = Debug|Any CPU
		Release|Any CPU = Release|Any CPU
	EndGlobalSection
	GlobalSection(ProjectConfigurationPlatforms) = postSolution
		{D1C2DD82-E22A-429A-825F-2AEEFF5668B2}.Debug|Any CPU.ActiveCfg = Debug|Any CPU
		{D1C2DD82-E22A-429A-825F-2AEEFF5668B2}.Debug|Any CPU.Build.0 = Debug|Any CPU
		{D1C2DD82-E22A-429A-825F-2AEEFF5668B2}.Release|Any CPU.ActiveCfg = Release|Any CPU
		{D1C2DD82-E22A-429A-825F-2AEEFF5668B2}.Release|Any CPU.Build.0 = Release|Any CPU
	EndGlobalSection
	GlobalSection(SolutionProperties) = preSolution
		HideSolutionNode = FALSE
	EndGlobalSection
	GlobalSection(ExtensibilityGlobals) = postSolution
		SolutionGuid = {4B0DC1A0-7BB1-4EDB-B89C-D566ABADDA1F}
	EndGlobalSection
EndGlobal
