
Microsoft Visual Studio Solution File, Format Version 12.00
# Visual Studio Version 16
VisualStudioVersion = 16.0.30711.63
MinimumVisualStudioVersion = 10.0.40219.1
Project("{FAE04EC0-301F-11D3-BF4B-00C04F79EFBC}") = "QZ1", "QZ1\QZ1.csproj", "{EBCD8D49-A998-4F4A-AB4C-5FD56854949A}"
EndProject
Global
	GlobalSection(SolutionConfigurationPlatforms) = preSolution
		Debug|Any CPU = Debug|Any CPU
		Release|Any CPU = Release|Any CPU
	EndGlobalSection
	GlobalSection(ProjectConfigurationPlatforms) = postSolution
		{EBCD8D49-A998-4F4A-AB4C-5FD56854949A}.Debug|Any CPU.ActiveCfg = Debug|Any CPU
		{EBCD8D49-A998-4F4A-AB4C-5FD56854949A}.Debug|Any CPU.Build.0 = Debug|Any CPU
		{EBCD8D49-A998-4F4A-AB4C-5FD56854949A}.Release|Any CPU.ActiveCfg = Release|Any CPU
		{EBCD8D49-A998-4F4A-AB4C-5FD56854949A}.Release|Any CPU.Build.0 = Release|Any CPU
	EndGlobalSection
	GlobalSection(SolutionProperties) = preSolution
		HideSolutionNode = FALSE
	EndGlobalSection
	GlobalSection(ExtensibilityGlobals) = postSolution
		SolutionGuid = {C3796936-32BE-4742-BA6E-24EDB541234E}
	EndGlobalSection
EndGlobal
